// !$*UTF8*$!
{
	archiveVersion = 1;
	classes = {
	};
	objectVersion = 50;
	objects = {

/* Begin PBXBuildFile section */
		7200430C245C15E900E8530D /* CubesAndBalls.xcdatamodeld in Sources */ = {isa = PBXBuildFile; fileRef = 7200430A245C15E900E8530D /* CubesAndBalls.xcdatamodeld */; };
		72116C41246B1BB80034B402 /* BallGameEngine.swift in Sources */ = {isa = PBXBuildFile; fileRef = 72116C40246B1BB80034B402 /* BallGameEngine.swift */; };
		7214FA92244F064700E60A42 /* AppDelegate.swift in Sources */ = {isa = PBXBuildFile; fileRef = 7214FA91244F064700E60A42 /* AppDelegate.swift */; };
		7214FA94244F064700E60A42 /* art.scnassets in Resources */ = {isa = PBXBuildFile; fileRef = 7214FA93244F064700E60A42 /* art.scnassets */; };
		7214FA96244F064700E60A42 /* GameViewController.swift in Sources */ = {isa = PBXBuildFile; fileRef = 7214FA95244F064700E60A42 /* GameViewController.swift */; };
		7214FA9B244F064900E60A42 /* Assets.xcassets in Resources */ = {isa = PBXBuildFile; fileRef = 7214FA9A244F064900E60A42 /* Assets.xcassets */; };
		7214FA9E244F064900E60A42 /* LaunchScreen.storyboard in Resources */ = {isa = PBXBuildFile; fileRef = 7214FA9C244F064900E60A42 /* LaunchScreen.storyboard */; };
		7214FAA6244F226400E60A42 /* Color.swift in Sources */ = {isa = PBXBuildFile; fileRef = 7214FAA5244F226400E60A42 /* Color.swift */; };
		721757032454617C0032E389 /* Ball.swift in Sources */ = {isa = PBXBuildFile; fileRef = 721757022454617C0032E389 /* Ball.swift */; };
		7217570524546C290032E389 /* Box.swift in Sources */ = {isa = PBXBuildFile; fileRef = 7217570424546C290032E389 /* Box.swift */; };
		72175739245878410032E389 /* PopupView.swift in Sources */ = {isa = PBXBuildFile; fileRef = 72175738245878410032E389 /* PopupView.swift */; };
		721757422458937B0032E389 /* PopupMenu.swift in Sources */ = {isa = PBXBuildFile; fileRef = 721757412458937B0032E389 /* PopupMenu.swift */; };
		721C6B88246C776A00263903 /* LevelType.swift in Sources */ = {isa = PBXBuildFile; fileRef = 721C6B87246C776A00263903 /* LevelType.swift */; };
		727A5E3D245C7BCE0060E758 /* LevelsDataProvider.swift in Sources */ = {isa = PBXBuildFile; fileRef = 727A5E3C245C7BCE0060E758 /* LevelsDataProvider.swift */; };
		727A5E3F245C82CC0060E758 /* DataProviderError.swift in Sources */ = {isa = PBXBuildFile; fileRef = 727A5E3E245C82CC0060E758 /* DataProviderError.swift */; };
		727A5E41245C8D020060E758 /* DefaultLevels.plist in Resources */ = {isa = PBXBuildFile; fileRef = 727A5E40245C8D020060E758 /* DefaultLevels.plist */; };
		7281E1D3245DAF9E004A5167 /* GameStatus.swift in Sources */ = {isa = PBXBuildFile; fileRef = 7281E1D2245DAF9E004A5167 /* GameStatus.swift */; };
		728DC87D24503E4700BC7878 /* CollisionCategory.swift in Sources */ = {isa = PBXBuildFile; fileRef = 728DC87C24503E4700BC7878 /* CollisionCategory.swift */; };
		728DC88724506DFA00BC7878 /* Explode.scnp in Resources */ = {isa = PBXBuildFile; fileRef = 728DC88524506DFA00BC7878 /* Explode.scnp */; };
		728DC88824506DFA00BC7878 /* spark.png in Resources */ = {isa = PBXBuildFile; fileRef = 728DC88624506DFA00BC7878 /* spark.png */; };
		728DC8912450B7FA00BC7878 /* StartViewController.swift in Sources */ = {isa = PBXBuildFile; fileRef = 728DC8902450B7FA00BC7878 /* StartViewController.swift */; };
		72BF9DC3246C2950001822E4 /* InfinityGameEngine.swift in Sources */ = {isa = PBXBuildFile; fileRef = 72BF9DC2246C2950001822E4 /* InfinityGameEngine.swift */; };
		72BF9DC5246C5C92001822E4 /* LevelViewModel.swift in Sources */ = {isa = PBXBuildFile; fileRef = 72BF9DC4246C5C92001822E4 /* LevelViewModel.swift */; };
		72BF9DC7246C65E6001822E4 /* PopupMenuViewModel.swift in Sources */ = {isa = PBXBuildFile; fileRef = 72BF9DC6246C65E6001822E4 /* PopupMenuViewModel.swift */; };
		72C19586246ACF8700C71541 /* StartLevelMenu.swift in Sources */ = {isa = PBXBuildFile; fileRef = 72C19585246ACF8700C71541 /* StartLevelMenu.swift */; };
		72C19588246B0ED900C71541 /* GameEngine.swift in Sources */ = {isa = PBXBuildFile; fileRef = 72C19587246B0ED900C71541 /* GameEngine.swift */; };
		72C1958B246B145300C71541 /* TimeGameEngine.swift in Sources */ = {isa = PBXBuildFile; fileRef = 72C1958A246B145300C71541 /* TimeGameEngine.swift */; };
		72DBFCDF2472C8C100A2F4F9 /* WalkthroughViewController.swift in Sources */ = {isa = PBXBuildFile; fileRef = 72DBFCDE2472C8C100A2F4F9 /* WalkthroughViewController.swift */; };
		72E66D1A2476E24600D8BBE8 /* OneColorGameEngine.swift in Sources */ = {isa = PBXBuildFile; fileRef = 72E66D192476E24600D8BBE8 /* OneColorGameEngine.swift */; };
		72FBE41B2469B8820081608F /* Appearance.swift in Sources */ = {isa = PBXBuildFile; fileRef = 72FBE41A2469B8820081608F /* Appearance.swift */; };
		72FBE41D246ABF3B0081608F /* PopupContent.swift in Sources */ = {isa = PBXBuildFile; fileRef = 72FBE41C246ABF3B0081608F /* PopupContent.swift */; };
/* End PBXBuildFile section */

/* Begin PBXFileReference section */
		7200430B245C15E900E8530D /* CubesAndBalls.xcdatamodel */ = {isa = PBXFileReference; lastKnownFileType = wrapper.xcdatamodel; path = CubesAndBalls.xcdatamodel; sourceTree = "<group>"; };
		72116C40246B1BB80034B402 /* BallGameEngine.swift */ = {isa = PBXFileReference; lastKnownFileType = sourcecode.swift; path = BallGameEngine.swift; sourceTree = "<group>"; };
		7214FA8E244F064700E60A42 /* SuperBall.app */ = {isa = PBXFileReference; explicitFileType = wrapper.application; includeInIndex = 0; path = SuperBall.app; sourceTree = BUILT_PRODUCTS_DIR; };
		7214FA91244F064700E60A42 /* AppDelegate.swift */ = {isa = PBXFileReference; lastKnownFileType = sourcecode.swift; path = AppDelegate.swift; sourceTree = "<group>"; };
		7214FA93244F064700E60A42 /* art.scnassets */ = {isa = PBXFileReference; lastKnownFileType = wrapper.scnassets; path = art.scnassets; sourceTree = "<group>"; };
		7214FA95244F064700E60A42 /* GameViewController.swift */ = {isa = PBXFileReference; lastKnownFileType = sourcecode.swift; path = GameViewController.swift; sourceTree = "<group>"; };
		7214FA9A244F064900E60A42 /* Assets.xcassets */ = {isa = PBXFileReference; lastKnownFileType = folder.assetcatalog; path = Assets.xcassets; sourceTree = "<group>"; };
		7214FA9D244F064900E60A42 /* Base */ = {isa = PBXFileReference; lastKnownFileType = file.storyboard; name = Base; path = Base.lproj/LaunchScreen.storyboard; sourceTree = "<group>"; };
		7214FA9F244F064900E60A42 /* Info.plist */ = {isa = PBXFileReference; lastKnownFileType = text.plist.xml; path = Info.plist; sourceTree = "<group>"; };
		7214FAA5244F226400E60A42 /* Color.swift */ = {isa = PBXFileReference; lastKnownFileType = sourcecode.swift; path = Color.swift; sourceTree = "<group>"; };
		721757022454617C0032E389 /* Ball.swift */ = {isa = PBXFileReference; lastKnownFileType = sourcecode.swift; path = Ball.swift; sourceTree = "<group>"; };
		7217570424546C290032E389 /* Box.swift */ = {isa = PBXFileReference; lastKnownFileType = sourcecode.swift; path = Box.swift; sourceTree = "<group>"; };
		72175738245878410032E389 /* PopupView.swift */ = {isa = PBXFileReference; lastKnownFileType = sourcecode.swift; path = PopupView.swift; sourceTree = "<group>"; };
		721757412458937B0032E389 /* PopupMenu.swift */ = {isa = PBXFileReference; lastKnownFileType = sourcecode.swift; path = PopupMenu.swift; sourceTree = "<group>"; };
		721C6B87246C776A00263903 /* LevelType.swift */ = {isa = PBXFileReference; lastKnownFileType = sourcecode.swift; path = LevelType.swift; sourceTree = "<group>"; };
		727A5E3C245C7BCE0060E758 /* LevelsDataProvider.swift */ = {isa = PBXFileReference; lastKnownFileType = sourcecode.swift; path = LevelsDataProvider.swift; sourceTree = "<group>"; };
		727A5E3E245C82CC0060E758 /* DataProviderError.swift */ = {isa = PBXFileReference; lastKnownFileType = sourcecode.swift; path = DataProviderError.swift; sourceTree = "<group>"; };
		727A5E40245C8D020060E758 /* DefaultLevels.plist */ = {isa = PBXFileReference; lastKnownFileType = text.plist.xml; path = DefaultLevels.plist; sourceTree = "<group>"; };
		7281E1D2245DAF9E004A5167 /* GameStatus.swift */ = {isa = PBXFileReference; lastKnownFileType = sourcecode.swift; path = GameStatus.swift; sourceTree = "<group>"; };
		728DC87C24503E4700BC7878 /* CollisionCategory.swift */ = {isa = PBXFileReference; lastKnownFileType = sourcecode.swift; path = CollisionCategory.swift; sourceTree = "<group>"; };
		728DC88524506DFA00BC7878 /* Explode.scnp */ = {isa = PBXFileReference; lastKnownFileType = file.scp; path = Explode.scnp; sourceTree = "<group>"; };
		728DC88624506DFA00BC7878 /* spark.png */ = {isa = PBXFileReference; lastKnownFileType = image.png; path = spark.png; sourceTree = "<group>"; };
		728DC8902450B7FA00BC7878 /* StartViewController.swift */ = {isa = PBXFileReference; lastKnownFileType = sourcecode.swift; path = StartViewController.swift; sourceTree = "<group>"; };
		72BF9DC2246C2950001822E4 /* InfinityGameEngine.swift */ = {isa = PBXFileReference; lastKnownFileType = sourcecode.swift; path = InfinityGameEngine.swift; sourceTree = "<group>"; };
		72BF9DC4246C5C92001822E4 /* LevelViewModel.swift */ = {isa = PBXFileReference; lastKnownFileType = sourcecode.swift; path = LevelViewModel.swift; sourceTree = "<group>"; };
		72BF9DC6246C65E6001822E4 /* PopupMenuViewModel.swift */ = {isa = PBXFileReference; lastKnownFileType = sourcecode.swift; path = PopupMenuViewModel.swift; sourceTree = "<group>"; };
		72C19585246ACF8700C71541 /* StartLevelMenu.swift */ = {isa = PBXFileReference; lastKnownFileType = sourcecode.swift; path = StartLevelMenu.swift; sourceTree = "<group>"; };
		72C19587246B0ED900C71541 /* GameEngine.swift */ = {isa = PBXFileReference; lastKnownFileType = sourcecode.swift; path = GameEngine.swift; sourceTree = "<group>"; };
		72C1958A246B145300C71541 /* TimeGameEngine.swift */ = {isa = PBXFileReference; lastKnownFileType = sourcecode.swift; path = TimeGameEngine.swift; sourceTree = "<group>"; };
		72DBFCDE2472C8C100A2F4F9 /* WalkthroughViewController.swift */ = {isa = PBXFileReference; lastKnownFileType = sourcecode.swift; path = WalkthroughViewController.swift; sourceTree = "<group>"; };
		72E66D192476E24600D8BBE8 /* OneColorGameEngine.swift */ = {isa = PBXFileReference; lastKnownFileType = sourcecode.swift; path = OneColorGameEngine.swift; sourceTree = "<group>"; };
		72FBE41A2469B8820081608F /* Appearance.swift */ = {isa = PBXFileReference; lastKnownFileType = sourcecode.swift; path = Appearance.swift; sourceTree = "<group>"; };
		72FBE41C246ABF3B0081608F /* PopupContent.swift */ = {isa = PBXFileReference; lastKnownFileType = sourcecode.swift; path = PopupContent.swift; sourceTree = "<group>"; };
/* End PBXFileReference section */

/* Begin PBXFrameworksBuildPhase section */
		7214FA8B244F064700E60A42 /* Frameworks */ = {
			isa = PBXFrameworksBuildPhase;
			buildActionMask = 2147483647;
			files = (
			);
			runOnlyForDeploymentPostprocessing = 0;
		};
/* End PBXFrameworksBuildPhase section */

/* Begin PBXGroup section */
		7214FA85244F064700E60A42 = {
			isa = PBXGroup;
			children = (
				7214FA90244F064700E60A42 /* CubesAndBalls */,
				7214FA8F244F064700E60A42 /* Products */,
			);
			sourceTree = "<group>";
		};
		7214FA8F244F064700E60A42 /* Products */ = {
			isa = PBXGroup;
			children = (
				7214FA8E244F064700E60A42 /* SuperBall.app */,
			);
			name = Products;
			sourceTree = "<group>";
		};
		7214FA90244F064700E60A42 /* CubesAndBalls */ = {
			isa = PBXGroup;
			children = (
				72C19589246B133800C71541 /* Engine */,
				727A5E3B245C7BC00060E758 /* DataProviders */,
				728DC88C2450ADAF00BC7878 /* View */,
				721C6B86246C76BA00263903 /* ViewModels */,
				728DC88B2450AD7200BC7878 /* SupportingFiles */,
				728DC8892450AD5000BC7878 /* Models */,
				728DC88424506DD900BC7878 /* Particles */,
				7214FA93244F064700E60A42 /* art.scnassets */,
				7214FA9A244F064900E60A42 /* Assets.xcassets */,
			);
			path = CubesAndBalls;
			sourceTree = "<group>";
		};
		7217573E24588F900032E389 /* Popup */ = {
			isa = PBXGroup;
			children = (
				72175738245878410032E389 /* PopupView.swift */,
				721757412458937B0032E389 /* PopupMenu.swift */,
				72FBE41C246ABF3B0081608F /* PopupContent.swift */,
				72C19585246ACF8700C71541 /* StartLevelMenu.swift */,
			);
			path = Popup;
			sourceTree = "<group>";
		};
		721C6B86246C76BA00263903 /* ViewModels */ = {
			isa = PBXGroup;
			children = (
				72BF9DC4246C5C92001822E4 /* LevelViewModel.swift */,
				72BF9DC6246C65E6001822E4 /* PopupMenuViewModel.swift */,
			);
			path = ViewModels;
			sourceTree = "<group>";
		};
		727A5E3B245C7BC00060E758 /* DataProviders */ = {
			isa = PBXGroup;
			children = (
				727A5E3C245C7BCE0060E758 /* LevelsDataProvider.swift */,
				727A5E3E245C82CC0060E758 /* DataProviderError.swift */,
			);
			path = DataProviders;
			sourceTree = "<group>";
		};
		728DC88424506DD900BC7878 /* Particles */ = {
			isa = PBXGroup;
			children = (
				728DC88524506DFA00BC7878 /* Explode.scnp */,
				728DC88624506DFA00BC7878 /* spark.png */,
			);
			path = Particles;
			sourceTree = "<group>";
		};
		728DC8892450AD5000BC7878 /* Models */ = {
			isa = PBXGroup;
			children = (
				7214FAA5244F226400E60A42 /* Color.swift */,
				728DC87C24503E4700BC7878 /* CollisionCategory.swift */,
				721757022454617C0032E389 /* Ball.swift */,
				7217570424546C290032E389 /* Box.swift */,
				7281E1D2245DAF9E004A5167 /* GameStatus.swift */,
				721C6B87246C776A00263903 /* LevelType.swift */,
			);
			path = Models;
			sourceTree = "<group>";
		};
		728DC88B2450AD7200BC7878 /* SupportingFiles */ = {
			isa = PBXGroup;
			children = (
				7214FA91244F064700E60A42 /* AppDelegate.swift */,
				7214FA9C244F064900E60A42 /* LaunchScreen.storyboard */,
				7214FA9F244F064900E60A42 /* Info.plist */,
				7200430A245C15E900E8530D /* CubesAndBalls.xcdatamodeld */,
				727A5E40245C8D020060E758 /* DefaultLevels.plist */,
				72FBE41A2469B8820081608F /* Appearance.swift */,
			);
			path = SupportingFiles;
			sourceTree = "<group>";
		};
		728DC88C2450ADAF00BC7878 /* View */ = {
			isa = PBXGroup;
			children = (
				7214FA95244F064700E60A42 /* GameViewController.swift */,
				728DC8902450B7FA00BC7878 /* StartViewController.swift */,
				72DBFCDE2472C8C100A2F4F9 /* WalkthroughViewController.swift */,
				7217573E24588F900032E389 /* Popup */,
			);
			path = View;
			sourceTree = "<group>";
		};
		72C19589246B133800C71541 /* Engine */ = {
			isa = PBXGroup;
			children = (
				72C19587246B0ED900C71541 /* GameEngine.swift */,
				72C1958A246B145300C71541 /* TimeGameEngine.swift */,
				72116C40246B1BB80034B402 /* BallGameEngine.swift */,
				72BF9DC2246C2950001822E4 /* InfinityGameEngine.swift */,
				72E66D192476E24600D8BBE8 /* OneColorGameEngine.swift */,
			);
			path = Engine;
			sourceTree = "<group>";
		};
/* End PBXGroup section */

/* Begin PBXNativeTarget section */
		7214FA8D244F064700E60A42 /* CubesAndBalls */ = {
			isa = PBXNativeTarget;
			buildConfigurationList = 7214FAA2244F064900E60A42 /* Build configuration list for PBXNativeTarget "CubesAndBalls" */;
			buildPhases = (
				7214FA8A244F064700E60A42 /* Sources */,
				7214FA8B244F064700E60A42 /* Frameworks */,
				7214FA8C244F064700E60A42 /* Resources */,
			);
			buildRules = (
			);
			dependencies = (
			);
			name = CubesAndBalls;
			productName = CubesAndBalls;
			productReference = 7214FA8E244F064700E60A42 /* SuperBall.app */;
			productType = "com.apple.product-type.application";
		};
/* End PBXNativeTarget section */

/* Begin PBXProject section */
		7214FA86244F064700E60A42 /* Project object */ = {
			isa = PBXProject;
			attributes = {
				LastSwiftUpdateCheck = 1140;
				LastUpgradeCheck = 1140;
				ORGANIZATIONNAME = "Nikita Gundorin";
				TargetAttributes = {
					7214FA8D244F064700E60A42 = {
						CreatedOnToolsVersion = 11.4;
					};
				};
			};
			buildConfigurationList = 7214FA89244F064700E60A42 /* Build configuration list for PBXProject "CubesAndBalls" */;
			compatibilityVersion = "Xcode 9.3";
			developmentRegion = en;
			hasScannedForEncodings = 0;
			knownRegions = (
				en,
				Base,
			);
			mainGroup = 7214FA85244F064700E60A42;
			productRefGroup = 7214FA8F244F064700E60A42 /* Products */;
			projectDirPath = "";
			projectRoot = "";
			targets = (
				7214FA8D244F064700E60A42 /* CubesAndBalls */,
			);
		};
/* End PBXProject section */

/* Begin PBXResourcesBuildPhase section */
		7214FA8C244F064700E60A42 /* Resources */ = {
			isa = PBXResourcesBuildPhase;
			buildActionMask = 2147483647;
			files = (
				7214FA94244F064700E60A42 /* art.scnassets in Resources */,
				728DC88824506DFA00BC7878 /* spark.png in Resources */,
				728DC88724506DFA00BC7878 /* Explode.scnp in Resources */,
				7214FA9E244F064900E60A42 /* LaunchScreen.storyboard in Resources */,
				7214FA9B244F064900E60A42 /* Assets.xcassets in Resources */,
				727A5E41245C8D020060E758 /* DefaultLevels.plist in Resources */,
			);
			runOnlyForDeploymentPostprocessing = 0;
		};
/* End PBXResourcesBuildPhase section */

/* Begin PBXSourcesBuildPhase section */
		7214FA8A244F064700E60A42 /* Sources */ = {
			isa = PBXSourcesBuildPhase;
			buildActionMask = 2147483647;
			files = (
				7217570524546C290032E389 /* Box.swift in Sources */,
				72FBE41D246ABF3B0081608F /* PopupContent.swift in Sources */,
				727A5E3D245C7BCE0060E758 /* LevelsDataProvider.swift in Sources */,
				721757032454617C0032E389 /* Ball.swift in Sources */,
				7214FA96244F064700E60A42 /* GameViewController.swift in Sources */,
				72BF9DC3246C2950001822E4 /* InfinityGameEngine.swift in Sources */,
				721C6B88246C776A00263903 /* LevelType.swift in Sources */,
				72C1958B246B145300C71541 /* TimeGameEngine.swift in Sources */,
				72C19586246ACF8700C71541 /* StartLevelMenu.swift in Sources */,
				72DBFCDF2472C8C100A2F4F9 /* WalkthroughViewController.swift in Sources */,
				72E66D1A2476E24600D8BBE8 /* OneColorGameEngine.swift in Sources */,
				72175739245878410032E389 /* PopupView.swift in Sources */,
				728DC87D24503E4700BC7878 /* CollisionCategory.swift in Sources */,
				7281E1D3245DAF9E004A5167 /* GameStatus.swift in Sources */,
				72C19588246B0ED900C71541 /* GameEngine.swift in Sources */,
				72BF9DC7246C65E6001822E4 /* PopupMenuViewModel.swift in Sources */,
				7200430C245C15E900E8530D /* CubesAndBalls.xcdatamodeld in Sources */,
				721757422458937B0032E389 /* PopupMenu.swift in Sources */,
				72FBE41B2469B8820081608F /* Appearance.swift in Sources */,
				7214FAA6244F226400E60A42 /* Color.swift in Sources */,
				727A5E3F245C82CC0060E758 /* DataProviderError.swift in Sources */,
				7214FA92244F064700E60A42 /* AppDelegate.swift in Sources */,
				72BF9DC5246C5C92001822E4 /* LevelViewModel.swift in Sources */,
				72116C41246B1BB80034B402 /* BallGameEngine.swift in Sources */,
				728DC8912450B7FA00BC7878 /* StartViewController.swift in Sources */,
			);
			runOnlyForDeploymentPostprocessing = 0;
		};
/* End PBXSourcesBuildPhase section */

/* Begin PBXVariantGroup section */
		7214FA9C244F064900E60A42 /* LaunchScreen.storyboard */ = {
			isa = PBXVariantGroup;
			children = (
				7214FA9D244F064900E60A42 /* Base */,
			);
			name = LaunchScreen.storyboard;
			sourceTree = "<group>";
		};
/* End PBXVariantGroup section */

/* Begin XCBuildConfiguration section */
		7214FAA0244F064900E60A42 /* Debug */ = {
			isa = XCBuildConfiguration;
			buildSettings = {
				ALWAYS_SEARCH_USER_PATHS = NO;
				CLANG_ANALYZER_NONNULL = YES;
				CLANG_ANALYZER_NUMBER_OBJECT_CONVERSION = YES_AGGRESSIVE;
				CLANG_CXX_LANGUAGE_STANDARD = "gnu++14";
				CLANG_CXX_LIBRARY = "libc++";
				CLANG_ENABLE_MODULES = YES;
				CLANG_ENABLE_OBJC_ARC = YES;
				CLANG_ENABLE_OBJC_WEAK = YES;
				CLANG_WARN_BLOCK_CAPTURE_AUTORELEASING = YES;
				CLANG_WARN_BOOL_CONVERSION = YES;
				CLANG_WARN_COMMA = YES;
				CLANG_WARN_CONSTANT_CONVERSION = YES;
				CLANG_WARN_DEPRECATED_OBJC_IMPLEMENTATIONS = YES;
				CLANG_WARN_DIRECT_OBJC_ISA_USAGE = YES_ERROR;
				CLANG_WARN_DOCUMENTATION_COMMENTS = YES;
				CLANG_WARN_EMPTY_BODY = YES;
				CLANG_WARN_ENUM_CONVERSION = YES;
				CLANG_WARN_INFINITE_RECURSION = YES;
				CLANG_WARN_INT_CONVERSION = YES;
				CLANG_WARN_NON_LITERAL_NULL_CONVERSION = YES;
				CLANG_WARN_OBJC_IMPLICIT_RETAIN_SELF = YES;
				CLANG_WARN_OBJC_LITERAL_CONVERSION = YES;
				CLANG_WARN_OBJC_ROOT_CLASS = YES_ERROR;
				CLANG_WARN_RANGE_LOOP_ANALYSIS = YES;
				CLANG_WARN_STRICT_PROTOTYPES = YES;
				CLANG_WARN_SUSPICIOUS_MOVE = YES;
				CLANG_WARN_UNGUARDED_AVAILABILITY = YES_AGGRESSIVE;
				CLANG_WARN_UNREACHABLE_CODE = YES;
				CLANG_WARN__DUPLICATE_METHOD_MATCH = YES;
				COPY_PHASE_STRIP = NO;
				DEBUG_INFORMATION_FORMAT = dwarf;
				ENABLE_STRICT_OBJC_MSGSEND = YES;
				ENABLE_TESTABILITY = YES;
				GCC_C_LANGUAGE_STANDARD = gnu11;
				GCC_DYNAMIC_NO_PIC = NO;
				GCC_NO_COMMON_BLOCKS = YES;
				GCC_OPTIMIZATION_LEVEL = 0;
				GCC_PREPROCESSOR_DEFINITIONS = (
					"DEBUG=1",
					"$(inherited)",
				);
				GCC_WARN_64_TO_32_BIT_CONVERSION = YES;
				GCC_WARN_ABOUT_RETURN_TYPE = YES_ERROR;
				GCC_WARN_UNDECLARED_SELECTOR = YES;
				GCC_WARN_UNINITIALIZED_AUTOS = YES_AGGRESSIVE;
				GCC_WARN_UNUSED_FUNCTION = YES;
				GCC_WARN_UNUSED_VARIABLE = YES;
				IPHONEOS_DEPLOYMENT_TARGET = 11.0;
				MTL_ENABLE_DEBUG_INFO = INCLUDE_SOURCE;
				MTL_FAST_MATH = YES;
				ONLY_ACTIVE_ARCH = YES;
				SDKROOT = iphoneos;
				SWIFT_ACTIVE_COMPILATION_CONDITIONS = DEBUG;
				SWIFT_OPTIMIZATION_LEVEL = "-Onone";
			};
			name = Debug;
		};
		7214FAA1244F064900E60A42 /* Release */ = {
			isa = XCBuildConfiguration;
			buildSettings = {
				ALWAYS_SEARCH_USER_PATHS = NO;
				CLANG_ANALYZER_NONNULL = YES;
				CLANG_ANALYZER_NUMBER_OBJECT_CONVERSION = YES_AGGRESSIVE;
				CLANG_CXX_LANGUAGE_STANDARD = "gnu++14";
				CLANG_CXX_LIBRARY = "libc++";
				CLANG_ENABLE_MODULES = YES;
				CLANG_ENABLE_OBJC_ARC = YES;
				CLANG_ENABLE_OBJC_WEAK = YES;
				CLANG_WARN_BLOCK_CAPTURE_AUTORELEASING = YES;
				CLANG_WARN_BOOL_CONVERSION = YES;
				CLANG_WARN_COMMA = YES;
				CLANG_WARN_CONSTANT_CONVERSION = YES;
				CLANG_WARN_DEPRECATED_OBJC_IMPLEMENTATIONS = YES;
				CLANG_WARN_DIRECT_OBJC_ISA_USAGE = YES_ERROR;
				CLANG_WARN_DOCUMENTATION_COMMENTS = YES;
				CLANG_WARN_EMPTY_BODY = YES;
				CLANG_WARN_ENUM_CONVERSION = YES;
				CLANG_WARN_INFINITE_RECURSION = YES;
				CLANG_WARN_INT_CONVERSION = YES;
				CLANG_WARN_NON_LITERAL_NULL_CONVERSION = YES;
				CLANG_WARN_OBJC_IMPLICIT_RETAIN_SELF = YES;
				CLANG_WARN_OBJC_LITERAL_CONVERSION = YES;
				CLANG_WARN_OBJC_ROOT_CLASS = YES_ERROR;
				CLANG_WARN_RANGE_LOOP_ANALYSIS = YES;
				CLANG_WARN_STRICT_PROTOTYPES = YES;
				CLANG_WARN_SUSPICIOUS_MOVE = YES;
				CLANG_WARN_UNGUARDED_AVAILABILITY = YES_AGGRESSIVE;
				CLANG_WARN_UNREACHABLE_CODE = YES;
				CLANG_WARN__DUPLICATE_METHOD_MATCH = YES;
				COPY_PHASE_STRIP = NO;
				DEBUG_INFORMATION_FORMAT = "dwarf-with-dsym";
				ENABLE_NS_ASSERTIONS = NO;
				ENABLE_STRICT_OBJC_MSGSEND = YES;
				GCC_C_LANGUAGE_STANDARD = gnu11;
				GCC_NO_COMMON_BLOCKS = YES;
				GCC_WARN_64_TO_32_BIT_CONVERSION = YES;
				GCC_WARN_ABOUT_RETURN_TYPE = YES_ERROR;
				GCC_WARN_UNDECLARED_SELECTOR = YES;
				GCC_WARN_UNINITIALIZED_AUTOS = YES_AGGRESSIVE;
				GCC_WARN_UNUSED_FUNCTION = YES;
				GCC_WARN_UNUSED_VARIABLE = YES;
				IPHONEOS_DEPLOYMENT_TARGET = 11.0;
				MTL_ENABLE_DEBUG_INFO = NO;
				MTL_FAST_MATH = YES;
				SDKROOT = iphoneos;
				SWIFT_COMPILATION_MODE = wholemodule;
				SWIFT_OPTIMIZATION_LEVEL = "-O";
				VALIDATE_PRODUCT = YES;
			};
			name = Release;
		};
		7214FAA3244F064900E60A42 /* Debug */ = {
			isa = XCBuildConfiguration;
			buildSettings = {
				ASSETCATALOG_COMPILER_APPICON_NAME = AppIcon;
				CODE_SIGN_STYLE = Automatic;
				DEVELOPMENT_TEAM = T6696YN386;
				INFOPLIST_FILE = CubesAndBalls/SupportingFiles/Info.plist;
				IPHONEOS_DEPLOYMENT_TARGET = 11.0;
				LD_RUNPATH_SEARCH_PATHS = (
					"$(inherited)",
					"@executable_path/Frameworks",
				);
				PRODUCT_BUNDLE_IDENTIFIER = nikitagundorin.SuperBall;
				PRODUCT_NAME = SuperBall;
				SWIFT_VERSION = 5.0;
				TARGETED_DEVICE_FAMILY = "1,2";
			};
			name = Debug;
		};
		7214FAA4244F064900E60A42 /* Release */ = {
			isa = XCBuildConfiguration;
			buildSettings = {
				ASSETCATALOG_COMPILER_APPICON_NAME = AppIcon;
				CODE_SIGN_STYLE = Automatic;
				DEVELOPMENT_TEAM = T6696YN386;
				INFOPLIST_FILE = CubesAndBalls/SupportingFiles/Info.plist;
				IPHONEOS_DEPLOYMENT_TARGET = 11.0;
				LD_RUNPATH_SEARCH_PATHS = (
					"$(inherited)",
					"@executable_path/Frameworks",
				);
				PRODUCT_BUNDLE_IDENTIFIER = nikitagundorin.SuperBall;
				PRODUCT_NAME = SuperBall;
				SWIFT_VERSION = 5.0;
				TARGETED_DEVICE_FAMILY = "1,2";
			};
			name = Release;
		};
/* End XCBuildConfiguration section */

/* Begin XCConfigurationList section */
		7214FA89244F064700E60A42 /* Build configuration list for PBXProject "CubesAndBalls" */ = {
			isa = XCConfigurationList;
			buildConfigurations = (
				7214FAA0244F064900E60A42 /* Debug */,
				7214FAA1244F064900E60A42 /* Release */,
			);
			defaultConfigurationIsVisible = 0;
			defaultConfigurationName = Release;
		};
		7214FAA2244F064900E60A42 /* Build configuration list for PBXNativeTarget "CubesAndBalls" */ = {
			isa = XCConfigurationList;
			buildConfigurations = (
				7214FAA3244F064900E60A42 /* Debug */,
				7214FAA4244F064900E60A42 /* Release */,
			);
			defaultConfigurationIsVisible = 0;
			defaultConfigurationName = Release;
		};
/* End XCConfigurationList section */

/* Begin XCVersionGroup section */
		7200430A245C15E900E8530D /* CubesAndBalls.xcdatamodeld */ = {
			isa = XCVersionGroup;
			children = (
				7200430B245C15E900E8530D /* CubesAndBalls.xcdatamodel */,
			);
			currentVersion = 7200430B245C15E900E8530D /* CubesAndBalls.xcdatamodel */;
			path = CubesAndBalls.xcdatamodeld;
			sourceTree = "<group>";
			versionGroupType = wrapper.xcdatamodel;
		};
/* End XCVersionGroup section */
	};
	rootObject = 7214FA86244F064700E60A42 /* Project object */;
}
