// !$*UTF8*$!
{
	archiveVersion = 1;
	classes = {
	};
	objectVersion = 50;
	objects = {

/* Begin PBXBuildFile section */
		7214FA92244F064700E60A42 /* AppDelegate.swift in Sources */ = {isa = PBXBuildFile; fileRef = 7214FA91244F064700E60A42 /* AppDelegate.swift */; };
		7214FA94244F064700E60A42 /* art.scnassets in Resources */ = {isa = PBXBuildFile; fileRef = 7214FA93244F064700E60A42 /* art.scnassets */; };
		7214FA96244F064700E60A42 /* ViewController.swift in Sources */ = {isa = PBXBuildFile; fileRef = 7214FA95244F064700E60A42 /* ViewController.swift */; };
		7214FA99244F064700E60A42 /* Main.storyboard in Resources */ = {isa = PBXBuildFile; fileRef = 7214FA97244F064700E60A42 /* Main.storyboard */; };
		7214FA9B244F064900E60A42 /* Assets.xcassets in Resources */ = {isa = PBXBuildFile; fileRef = 7214FA9A244F064900E60A42 /* Assets.xcassets */; };
		7214FA9E244F064900E60A42 /* LaunchScreen.storyboard in Resources */ = {isa = PBXBuildFile; fileRef = 7214FA9C244F064900E60A42 /* LaunchScreen.storyboard */; };
		7214FAA6244F226400E60A42 /* Color.swift in Sources */ = {isa = PBXBuildFile; fileRef = 7214FAA5244F226400E60A42 /* Color.swift */; };
		728DC87B24503DB500BC7878 /* PhysicsContactDelegate.swift in Sources */ = {isa = PBXBuildFile; fileRef = 728DC87A24503DB500BC7878 /* PhysicsContactDelegate.swift */; };
		728DC87D24503E4700BC7878 /* CollisionCategory.swift in Sources */ = {isa = PBXBuildFile; fileRef = 728DC87C24503E4700BC7878 /* CollisionCategory.swift */; };
		728DC88724506DFA00BC7878 /* Explode.scnp in Resources */ = {isa = PBXBuildFile; fileRef = 728DC88524506DFA00BC7878 /* Explode.scnp */; };
		728DC88824506DFA00BC7878 /* spark.png in Resources */ = {isa = PBXBuildFile; fileRef = 728DC88624506DFA00BC7878 /* spark.png */; };
/* End PBXBuildFile section */

/* Begin PBXFileReference section */
		7214FA8E244F064700E60A42 /* CubesAndBalls.app */ = {isa = PBXFileReference; explicitFileType = wrapper.application; includeInIndex = 0; path = CubesAndBalls.app; sourceTree = BUILT_PRODUCTS_DIR; };
		7214FA91244F064700E60A42 /* AppDelegate.swift */ = {isa = PBXFileReference; lastKnownFileType = sourcecode.swift; path = AppDelegate.swift; sourceTree = "<group>"; };
		7214FA93244F064700E60A42 /* art.scnassets */ = {isa = PBXFileReference; lastKnownFileType = wrapper.scnassets; path = art.scnassets; sourceTree = "<group>"; };
		7214FA95244F064700E60A42 /* ViewController.swift */ = {isa = PBXFileReference; lastKnownFileType = sourcecode.swift; path = ViewController.swift; sourceTree = "<group>"; };
		7214FA98244F064700E60A42 /* Base */ = {isa = PBXFileReference; lastKnownFileType = file.storyboard; name = Base; path = Base.lproj/Main.storyboard; sourceTree = "<group>"; };
		7214FA9A244F064900E60A42 /* Assets.xcassets */ = {isa = PBXFileReference; lastKnownFileType = folder.assetcatalog; path = Assets.xcassets; sourceTree = "<group>"; };
		7214FA9D244F064900E60A42 /* Base */ = {isa = PBXFileReference; lastKnownFileType = file.storyboard; name = Base; path = Base.lproj/LaunchScreen.storyboard; sourceTree = "<group>"; };
		7214FA9F244F064900E60A42 /* Info.plist */ = {isa = PBXFileReference; lastKnownFileType = text.plist.xml; path = Info.plist; sourceTree = "<group>"; };
		7214FAA5244F226400E60A42 /* Color.swift */ = {isa = PBXFileReference; lastKnownFileType = sourcecode.swift; path = Color.swift; sourceTree = "<group>"; };
		728DC87A24503DB500BC7878 /* PhysicsContactDelegate.swift */ = {isa = PBXFileReference; lastKnownFileType = sourcecode.swift; path = PhysicsContactDelegate.swift; sourceTree = "<group>"; };
		728DC87C24503E4700BC7878 /* CollisionCategory.swift */ = {isa = PBXFileReference; lastKnownFileType = sourcecode.swift; path = CollisionCategory.swift; sourceTree = "<group>"; };
		728DC88524506DFA00BC7878 /* Explode.scnp */ = {isa = PBXFileReference; lastKnownFileType = file.scp; path = Explode.scnp; sourceTree = "<group>"; };
		728DC88624506DFA00BC7878 /* spark.png */ = {isa = PBXFileReference; lastKnownFileType = image.png; path = spark.png; sourceTree = "<group>"; };
/* End PBXFileReference section */

/* Begin PBXFrameworksBuildPhase section */
		7214FA8B244F064700E60A42 /* Frameworks */ = {
			isa = PBXFrameworksBuildPhase;
			buildActionMask = 2147483647;
			files = (
			);
			runOnlyForDeploymentPostprocessing = 0;
		};
/* End PBXFrameworksBuildPhase section */

/* Begin PBXGroup section */
		7214FA85244F064700E60A42 = {
			isa = PBXGroup;
			children = (
				7214FA90244F064700E60A42 /* CubesAndBalls */,
				7214FA8F244F064700E60A42 /* Products */,
			);
			sourceTree = "<group>";
		};
		7214FA8F244F064700E60A42 /* Products */ = {
			isa = PBXGroup;
			children = (
				7214FA8E244F064700E60A42 /* CubesAndBalls.app */,
			);
			name = Products;
			sourceTree = "<group>";
		};
		7214FA90244F064700E60A42 /* CubesAndBalls */ = {
			isa = PBXGroup;
			children = (
				728DC88424506DD900BC7878 /* Particles */,
				7214FA91244F064700E60A42 /* AppDelegate.swift */,
				7214FA93244F064700E60A42 /* art.scnassets */,
				7214FA95244F064700E60A42 /* ViewController.swift */,
				7214FA97244F064700E60A42 /* Main.storyboard */,
				7214FA9A244F064900E60A42 /* Assets.xcassets */,
				7214FA9C244F064900E60A42 /* LaunchScreen.storyboard */,
				7214FA9F244F064900E60A42 /* Info.plist */,
				7214FAA5244F226400E60A42 /* Color.swift */,
				728DC87A24503DB500BC7878 /* PhysicsContactDelegate.swift */,
				728DC87C24503E4700BC7878 /* CollisionCategory.swift */,
			);
			path = CubesAndBalls;
			sourceTree = "<group>";
		};
		728DC88424506DD900BC7878 /* Particles */ = {
			isa = PBXGroup;
			children = (
				728DC88524506DFA00BC7878 /* Explode.scnp */,
				728DC88624506DFA00BC7878 /* spark.png */,
			);
			path = Particles;
			sourceTree = "<group>";
		};
/* End PBXGroup section */

/* Begin PBXNativeTarget section */
		7214FA8D244F064700E60A42 /* CubesAndBalls */ = {
			isa = PBXNativeTarget;
			buildConfigurationList = 7214FAA2244F064900E60A42 /* Build configuration list for PBXNativeTarget "CubesAndBalls" */;
			buildPhases = (
				7214FA8A244F064700E60A42 /* Sources */,
				7214FA8B244F064700E60A42 /* Frameworks */,
				7214FA8C244F064700E60A42 /* Resources */,
			);
			buildRules = (
			);
			dependencies = (
			);
			name = CubesAndBalls;
			productName = CubesAndBalls;
			productReference = 7214FA8E244F064700E60A42 /* CubesAndBalls.app */;
			productType = "com.apple.product-type.application";
		};
/* End PBXNativeTarget section */

/* Begin PBXProject section */
		7214FA86244F064700E60A42 /* Project object */ = {
			isa = PBXProject;
			attributes = {
				LastSwiftUpdateCheck = 1140;
				LastUpgradeCheck = 1140;
				ORGANIZATIONNAME = "Nikita Gundorin";
				TargetAttributes = {
					7214FA8D244F064700E60A42 = {
						CreatedOnToolsVersion = 11.4;
					};
				};
			};
			buildConfigurationList = 7214FA89244F064700E60A42 /* Build configuration list for PBXProject "CubesAndBalls" */;
			compatibilityVersion = "Xcode 9.3";
			developmentRegion = en;
			hasScannedForEncodings = 0;
			knownRegions = (
				en,
				Base,
			);
			mainGroup = 7214FA85244F064700E60A42;
			productRefGroup = 7214FA8F244F064700E60A42 /* Products */;
			projectDirPath = "";
			projectRoot = "";
			targets = (
				7214FA8D244F064700E60A42 /* CubesAndBalls */,
			);
		};
/* End PBXProject section */

/* Begin PBXResourcesBuildPhase section */
		7214FA8C244F064700E60A42 /* Resources */ = {
			isa = PBXResourcesBuildPhase;
			buildActionMask = 2147483647;
			files = (
				7214FA94244F064700E60A42 /* art.scnassets in Resources */,
				728DC88824506DFA00BC7878 /* spark.png in Resources */,
				728DC88724506DFA00BC7878 /* Explode.scnp in Resources */,
				7214FA9E244F064900E60A42 /* LaunchScreen.storyboard in Resources */,
				7214FA9B244F064900E60A42 /* Assets.xcassets in Resources */,
				7214FA99244F064700E60A42 /* Main.storyboard in Resources */,
			);
			runOnlyForDeploymentPostprocessing = 0;
		};
/* End PBXResourcesBuildPhase section */

/* Begin PBXSourcesBuildPhase section */
		7214FA8A244F064700E60A42 /* Sources */ = {
			isa = PBXSourcesBuildPhase;
			buildActionMask = 2147483647;
			files = (
				7214FA96244F064700E60A42 /* ViewController.swift in Sources */,
				728DC87D24503E4700BC7878 /* CollisionCategory.swift in Sources */,
				728DC87B24503DB500BC7878 /* PhysicsContactDelegate.swift in Sources */,
				7214FAA6244F226400E60A42 /* Color.swift in Sources */,
				7214FA92244F064700E60A42 /* AppDelegate.swift in Sources */,
			);
			runOnlyForDeploymentPostprocessing = 0;
		};
/* End PBXSourcesBuildPhase section */

/* Begin PBXVariantGroup section */
		7214FA97244F064700E60A42 /* Main.storyboard */ = {
			isa = PBXVariantGroup;
			children = (
				7214FA98244F064700E60A42 /* Base */,
			);
			name = Main.storyboard;
			sourceTree = "<group>";
		};
		7214FA9C244F064900E60A42 /* LaunchScreen.storyboard */ = {
			isa = PBXVariantGroup;
			children = (
				7214FA9D244F064900E60A42 /* Base */,
			);
			name = LaunchScreen.storyboard;
			sourceTree = "<group>";
		};
/* End PBXVariantGroup section */

/* Begin XCBuildConfiguration section */
		7214FAA0244F064900E60A42 /* Debug */ = {
			isa = XCBuildConfiguration;
			buildSettings = {
				ALWAYS_SEARCH_USER_PATHS = NO;
				CLANG_ANALYZER_NONNULL = YES;
				CLANG_ANALYZER_NUMBER_OBJECT_CONVERSION = YES_AGGRESSIVE;
				CLANG_CXX_LANGUAGE_STANDARD = "gnu++14";
				CLANG_CXX_LIBRARY = "libc++";
				CLANG_ENABLE_MODULES = YES;
				CLANG_ENABLE_OBJC_ARC = YES;
				CLANG_ENABLE_OBJC_WEAK = YES;
				CLANG_WARN_BLOCK_CAPTURE_AUTORELEASING = YES;
				CLANG_WARN_BOOL_CONVERSION = YES;
				CLANG_WARN_COMMA = YES;
				CLANG_WARN_CONSTANT_CONVERSION = YES;
				CLANG_WARN_DEPRECATED_OBJC_IMPLEMENTATIONS = YES;
				CLANG_WARN_DIRECT_OBJC_ISA_USAGE = YES_ERROR;
				CLANG_WARN_DOCUMENTATION_COMMENTS = YES;
				CLANG_WARN_EMPTY_BODY = YES;
				CLANG_WARN_ENUM_CONVERSION = YES;
				CLANG_WARN_INFINITE_RECURSION = YES;
				CLANG_WARN_INT_CONVERSION = YES;
				CLANG_WARN_NON_LITERAL_NULL_CONVERSION = YES;
				CLANG_WARN_OBJC_IMPLICIT_RETAIN_SELF = YES;
				CLANG_WARN_OBJC_LITERAL_CONVERSION = YES;
				CLANG_WARN_OBJC_ROOT_CLASS = YES_ERROR;
				CLANG_WARN_RANGE_LOOP_ANALYSIS = YES;
				CLANG_WARN_STRICT_PROTOTYPES = YES;
				CLANG_WARN_SUSPICIOUS_MOVE = YES;
				CLANG_WARN_UNGUARDED_AVAILABILITY = YES_AGGRESSIVE;
				CLANG_WARN_UNREACHABLE_CODE = YES;
				CLANG_WARN__DUPLICATE_METHOD_MATCH = YES;
				COPY_PHASE_STRIP = NO;
				DEBUG_INFORMATION_FORMAT = dwarf;
				ENABLE_STRICT_OBJC_MSGSEND = YES;
				ENABLE_TESTABILITY = YES;
				GCC_C_LANGUAGE_STANDARD = gnu11;
				GCC_DYNAMIC_NO_PIC = NO;
				GCC_NO_COMMON_BLOCKS = YES;
				GCC_OPTIMIZATION_LEVEL = 0;
				GCC_PREPROCESSOR_DEFINITIONS = (
					"DEBUG=1",
					"$(inherited)",
				);
				GCC_WARN_64_TO_32_BIT_CONVERSION = YES;
				GCC_WARN_ABOUT_RETURN_TYPE = YES_ERROR;
				GCC_WARN_UNDECLARED_SELECTOR = YES;
				GCC_WARN_UNINITIALIZED_AUTOS = YES_AGGRESSIVE;
				GCC_WARN_UNUSED_FUNCTION = YES;
				GCC_WARN_UNUSED_VARIABLE = YES;
				IPHONEOS_DEPLOYMENT_TARGET = 13.4;
				MTL_ENABLE_DEBUG_INFO = INCLUDE_SOURCE;
				MTL_FAST_MATH = YES;
				ONLY_ACTIVE_ARCH = YES;
				SDKROOT = iphoneos;
				SWIFT_ACTIVE_COMPILATION_CONDITIONS = DEBUG;
				SWIFT_OPTIMIZATION_LEVEL = "-Onone";
			};
			name = Debug;
		};
		7214FAA1244F064900E60A42 /* Release */ = {
			isa = XCBuildConfiguration;
			buildSettings = {
				ALWAYS_SEARCH_USER_PATHS = NO;
				CLANG_ANALYZER_NONNULL = YES;
				CLANG_ANALYZER_NUMBER_OBJECT_CONVERSION = YES_AGGRESSIVE;
				CLANG_CXX_LANGUAGE_STANDARD = "gnu++14";
				CLANG_CXX_LIBRARY = "libc++";
				CLANG_ENABLE_MODULES = YES;
				CLANG_ENABLE_OBJC_ARC = YES;
				CLANG_ENABLE_OBJC_WEAK = YES;
				CLANG_WARN_BLOCK_CAPTURE_AUTORELEASING = YES;
				CLANG_WARN_BOOL_CONVERSION = YES;
				CLANG_WARN_COMMA = YES;
				CLANG_WARN_CONSTANT_CONVERSION = YES;
				CLANG_WARN_DEPRECATED_OBJC_IMPLEMENTATIONS = YES;
				CLANG_WARN_DIRECT_OBJC_ISA_USAGE = YES_ERROR;
				CLANG_WARN_DOCUMENTATION_COMMENTS = YES;
				CLANG_WARN_EMPTY_BODY = YES;
				CLANG_WARN_ENUM_CONVERSION = YES;
				CLANG_WARN_INFINITE_RECURSION = YES;
				CLANG_WARN_INT_CONVERSION = YES;
				CLANG_WARN_NON_LITERAL_NULL_CONVERSION = YES;
				CLANG_WARN_OBJC_IMPLICIT_RETAIN_SELF = YES;
				CLANG_WARN_OBJC_LITERAL_CONVERSION = YES;
				CLANG_WARN_OBJC_ROOT_CLASS = YES_ERROR;
				CLANG_WARN_RANGE_LOOP_ANALYSIS = YES;
				CLANG_WARN_STRICT_PROTOTYPES = YES;
				CLANG_WARN_SUSPICIOUS_MOVE = YES;
				CLANG_WARN_UNGUARDED_AVAILABILITY = YES_AGGRESSIVE;
				CLANG_WARN_UNREACHABLE_CODE = YES;
				CLANG_WARN__DUPLICATE_METHOD_MATCH = YES;
				COPY_PHASE_STRIP = NO;
				DEBUG_INFORMATION_FORMAT = "dwarf-with-dsym";
				ENABLE_NS_ASSERTIONS = NO;
				ENABLE_STRICT_OBJC_MSGSEND = YES;
				GCC_C_LANGUAGE_STANDARD = gnu11;
				GCC_NO_COMMON_BLOCKS = YES;
				GCC_WARN_64_TO_32_BIT_CONVERSION = YES;
				GCC_WARN_ABOUT_RETURN_TYPE = YES_ERROR;
				GCC_WARN_UNDECLARED_SELECTOR = YES;
				GCC_WARN_UNINITIALIZED_AUTOS = YES_AGGRESSIVE;
				GCC_WARN_UNUSED_FUNCTION = YES;
				GCC_WARN_UNUSED_VARIABLE = YES;
				IPHONEOS_DEPLOYMENT_TARGET = 13.4;
				MTL_ENABLE_DEBUG_INFO = NO;
				MTL_FAST_MATH = YES;
				SDKROOT = iphoneos;
				SWIFT_COMPILATION_MODE = wholemodule;
				SWIFT_OPTIMIZATION_LEVEL = "-O";
				VALIDATE_PRODUCT = YES;
			};
			name = Release;
		};
		7214FAA3244F064900E60A42 /* Debug */ = {
			isa = XCBuildConfiguration;
			buildSettings = {
				ASSETCATALOG_COMPILER_APPICON_NAME = AppIcon;
				CODE_SIGN_STYLE = Automatic;
				DEVELOPMENT_TEAM = T6696YN386;
				INFOPLIST_FILE = CubesAndBalls/Info.plist;
				LD_RUNPATH_SEARCH_PATHS = (
					"$(inherited)",
					"@executable_path/Frameworks",
				);
				PRODUCT_BUNDLE_IDENTIFIER = nikitagundorin.CubesAndBalls;
				PRODUCT_NAME = "$(TARGET_NAME)";
				SWIFT_VERSION = 5.0;
				TARGETED_DEVICE_FAMILY = "1,2";
			};
			name = Debug;
		};
		7214FAA4244F064900E60A42 /* Release */ = {
			isa = XCBuildConfiguration;
			buildSettings = {
				ASSETCATALOG_COMPILER_APPICON_NAME = AppIcon;
				CODE_SIGN_STYLE = Automatic;
				DEVELOPMENT_TEAM = T6696YN386;
				INFOPLIST_FILE = CubesAndBalls/Info.plist;
				LD_RUNPATH_SEARCH_PATHS = (
					"$(inherited)",
					"@executable_path/Frameworks",
				);
				PRODUCT_BUNDLE_IDENTIFIER = nikitagundorin.CubesAndBalls;
				PRODUCT_NAME = "$(TARGET_NAME)";
				SWIFT_VERSION = 5.0;
				TARGETED_DEVICE_FAMILY = "1,2";
			};
			name = Release;
		};
/* End XCBuildConfiguration section */

/* Begin XCConfigurationList section */
		7214FA89244F064700E60A42 /* Build configuration list for PBXProject "CubesAndBalls" */ = {
			isa = XCConfigurationList;
			buildConfigurations = (
				7214FAA0244F064900E60A42 /* Debug */,
				7214FAA1244F064900E60A42 /* Release */,
			);
			defaultConfigurationIsVisible = 0;
			defaultConfigurationName = Release;
		};
		7214FAA2244F064900E60A42 /* Build configuration list for PBXNativeTarget "CubesAndBalls" */ = {
			isa = XCConfigurationList;
			buildConfigurations = (
				7214FAA3244F064900E60A42 /* Debug */,
				7214FAA4244F064900E60A42 /* Release */,
			);
			defaultConfigurationIsVisible = 0;
			defaultConfigurationName = Release;
		};
/* End XCConfigurationList section */
	};
	rootObject = 7214FA86244F064700E60A42 /* Project object */;
}
